// !$*UTF8*$!
{
	archiveVersion = 1;
	classes = {
	};
	objectVersion = 46;
	objects = {

/* Begin PBXBuildFile section */
		D2438AD1183BB7DB0049D036 /* Foundation.framework in Frameworks */ = {isa = PBXBuildFile; fileRef = D2438AD0183BB7DB0049D036 /* Foundation.framework */; };
		D2438AD3183BB7DB0049D036 /* CoreGraphics.framework in Frameworks */ = {isa = PBXBuildFile; fileRef = D2438AD2183BB7DB0049D036 /* CoreGraphics.framework */; };
		D2438AD5183BB7DB0049D036 /* UIKit.framework in Frameworks */ = {isa = PBXBuildFile; fileRef = D2438AD4183BB7DB0049D036 /* UIKit.framework */; };
		D2438ADB183BB7DB0049D036 /* InfoPlist.strings in Resources */ = {isa = PBXBuildFile; fileRef = D2438AD9183BB7DB0049D036 /* InfoPlist.strings */; };
		D2438ADD183BB7DB0049D036 /* main.m in Sources */ = {isa = PBXBuildFile; fileRef = D2438ADC183BB7DB0049D036 /* main.m */; };
		D2438AE1183BB7DC0049D036 /* NYTAppDelegate.m in Sources */ = {isa = PBXBuildFile; fileRef = D2438AE0183BB7DB0049D036 /* NYTAppDelegate.m */; };
		D2438AE4183BB7DC0049D036 /* Main.storyboard in Resources */ = {isa = PBXBuildFile; fileRef = D2438AE2183BB7DC0049D036 /* Main.storyboard */; };
		D2438AE7183BB7DC0049D036 /* NYTViewController.m in Sources */ = {isa = PBXBuildFile; fileRef = D2438AE6183BB7DC0049D036 /* NYTViewController.m */; };
		D2438AE9183BB7DC0049D036 /* Images.xcassets in Resources */ = {isa = PBXBuildFile; fileRef = D2438AE8183BB7DC0049D036 /* Images.xcassets */; };
		D2438AF0183BB7DC0049D036 /* XCTest.framework in Frameworks */ = {isa = PBXBuildFile; fileRef = D2438AEF183BB7DC0049D036 /* XCTest.framework */; };
		D2438AF1183BB7DC0049D036 /* Foundation.framework in Frameworks */ = {isa = PBXBuildFile; fileRef = D2438AD0183BB7DB0049D036 /* Foundation.framework */; };
		D2438AF2183BB7DC0049D036 /* UIKit.framework in Frameworks */ = {isa = PBXBuildFile; fileRef = D2438AD4183BB7DB0049D036 /* UIKit.framework */; };
		D2438AFA183BB7DC0049D036 /* InfoPlist.strings in Resources */ = {isa = PBXBuildFile; fileRef = D2438AF8183BB7DC0049D036 /* InfoPlist.strings */; };
		D2438AFC183BB7DC0049D036 /* CDTests.m in Sources */ = {isa = PBXBuildFile; fileRef = D2438AFB183BB7DC0049D036 /* CDTests.m */; };
		D2438B07183BB7F10049D036 /* Model.xcdatamodeld in Sources */ = {isa = PBXBuildFile; fileRef = D2438B05183BB7F10049D036 /* Model.xcdatamodeld */; };
		D2438B0F183BB9020049D036 /* CoreData.framework in Frameworks */ = {isa = PBXBuildFile; fileRef = D2438B0E183BB9020049D036 /* CoreData.framework */; };
		D2438B18183BBC610049D036 /* Child.m in Sources */ = {isa = PBXBuildFile; fileRef = D2438B17183BBC610049D036 /* Child.m */; };
		D2438B1B183BBC620049D036 /* Parent.m in Sources */ = {isa = PBXBuildFile; fileRef = D2438B1A183BBC620049D036 /* Parent.m */; };
/* End PBXBuildFile section */

/* Begin PBXContainerItemProxy section */
		D2438AF3183BB7DC0049D036 /* PBXContainerItemProxy */ = {
			isa = PBXContainerItemProxy;
			containerPortal = D2438AC5183BB7DB0049D036 /* Project object */;
			proxyType = 1;
			remoteGlobalIDString = D2438ACC183BB7DB0049D036;
			remoteInfo = CD;
		};
/* End PBXContainerItemProxy section */

/* Begin PBXFileReference section */
		D2438ACD183BB7DB0049D036 /* CD.app */ = {isa = PBXFileReference; explicitFileType = wrapper.application; includeInIndex = 0; path = CD.app; sourceTree = BUILT_PRODUCTS_DIR; };
		D2438AD0183BB7DB0049D036 /* Foundation.framework */ = {isa = PBXFileReference; lastKnownFileType = wrapper.framework; name = Foundation.framework; path = System/Library/Frameworks/Foundation.framework; sourceTree = SDKROOT; };
		D2438AD2183BB7DB0049D036 /* CoreGraphics.framework */ = {isa = PBXFileReference; lastKnownFileType = wrapper.framework; name = CoreGraphics.framework; path = System/Library/Frameworks/CoreGraphics.framework; sourceTree = SDKROOT; };
		D2438AD4183BB7DB0049D036 /* UIKit.framework */ = {isa = PBXFileReference; lastKnownFileType = wrapper.framework; name = UIKit.framework; path = System/Library/Frameworks/UIKit.framework; sourceTree = SDKROOT; };
		D2438AD8183BB7DB0049D036 /* CD-Info.plist */ = {isa = PBXFileReference; lastKnownFileType = text.plist.xml; path = "CD-Info.plist"; sourceTree = "<group>"; };
		D2438ADA183BB7DB0049D036 /* en */ = {isa = PBXFileReference; lastKnownFileType = text.plist.strings; name = en; path = en.lproj/InfoPlist.strings; sourceTree = "<group>"; };
		D2438ADC183BB7DB0049D036 /* main.m */ = {isa = PBXFileReference; lastKnownFileType = sourcecode.c.objc; path = main.m; sourceTree = "<group>"; };
		D2438ADE183BB7DB0049D036 /* CD-Prefix.pch */ = {isa = PBXFileReference; lastKnownFileType = sourcecode.c.h; path = "CD-Prefix.pch"; sourceTree = "<group>"; };
		D2438ADF183BB7DB0049D036 /* NYTAppDelegate.h */ = {isa = PBXFileReference; lastKnownFileType = sourcecode.c.h; path = NYTAppDelegate.h; sourceTree = "<group>"; };
		D2438AE0183BB7DB0049D036 /* NYTAppDelegate.m */ = {isa = PBXFileReference; lastKnownFileType = sourcecode.c.objc; path = NYTAppDelegate.m; sourceTree = "<group>"; };
		D2438AE3183BB7DC0049D036 /* Base */ = {isa = PBXFileReference; lastKnownFileType = file.storyboard; name = Base; path = Base.lproj/Main.storyboard; sourceTree = "<group>"; };
		D2438AE5183BB7DC0049D036 /* NYTViewController.h */ = {isa = PBXFileReference; lastKnownFileType = sourcecode.c.h; path = NYTViewController.h; sourceTree = "<group>"; };
		D2438AE6183BB7DC0049D036 /* NYTViewController.m */ = {isa = PBXFileReference; lastKnownFileType = sourcecode.c.objc; path = NYTViewController.m; sourceTree = "<group>"; };
		D2438AE8183BB7DC0049D036 /* Images.xcassets */ = {isa = PBXFileReference; lastKnownFileType = folder.assetcatalog; path = Images.xcassets; sourceTree = "<group>"; };
		D2438AEE183BB7DC0049D036 /* CDTests.xctest */ = {isa = PBXFileReference; explicitFileType = wrapper.cfbundle; includeInIndex = 0; path = CDTests.xctest; sourceTree = BUILT_PRODUCTS_DIR; };
		D2438AEF183BB7DC0049D036 /* XCTest.framework */ = {isa = PBXFileReference; lastKnownFileType = wrapper.framework; name = XCTest.framework; path = Library/Frameworks/XCTest.framework; sourceTree = DEVELOPER_DIR; };
		D2438AF7183BB7DC0049D036 /* CDTests-Info.plist */ = {isa = PBXFileReference; lastKnownFileType = text.plist.xml; path = "CDTests-Info.plist"; sourceTree = "<group>"; };
		D2438AF9183BB7DC0049D036 /* en */ = {isa = PBXFileReference; lastKnownFileType = text.plist.strings; name = en; path = en.lproj/InfoPlist.strings; sourceTree = "<group>"; };
		D2438AFB183BB7DC0049D036 /* CDTests.m */ = {isa = PBXFileReference; lastKnownFileType = sourcecode.c.objc; path = CDTests.m; sourceTree = "<group>"; };
		D2438B06183BB7F10049D036 /* Model.xcdatamodel */ = {isa = PBXFileReference; lastKnownFileType = wrapper.xcdatamodel; path = Model.xcdatamodel; sourceTree = "<group>"; };
		D2438B0E183BB9020049D036 /* CoreData.framework */ = {isa = PBXFileReference; lastKnownFileType = wrapper.framework; name = CoreData.framework; path = System/Library/Frameworks/CoreData.framework; sourceTree = SDKROOT; };
		D2438B16183BBC610049D036 /* Child.h */ = {isa = PBXFileReference; fileEncoding = 4; lastKnownFileType = sourcecode.c.h; path = Child.h; sourceTree = "<group>"; };
		D2438B17183BBC610049D036 /* Child.m */ = {isa = PBXFileReference; fileEncoding = 4; lastKnownFileType = sourcecode.c.objc; path = Child.m; sourceTree = "<group>"; };
		D2438B19183BBC620049D036 /* Parent.h */ = {isa = PBXFileReference; fileEncoding = 4; lastKnownFileType = sourcecode.c.h; path = Parent.h; sourceTree = "<group>"; };
		D2438B1A183BBC620049D036 /* Parent.m */ = {isa = PBXFileReference; fileEncoding = 4; lastKnownFileType = sourcecode.c.objc; path = Parent.m; sourceTree = "<group>"; };
/* End PBXFileReference section */

/* Begin PBXFrameworksBuildPhase section */
		D2438ACA183BB7DB0049D036 /* Frameworks */ = {
			isa = PBXFrameworksBuildPhase;
			buildActionMask = 2147483647;
			files = (
				D2438B0F183BB9020049D036 /* CoreData.framework in Frameworks */,
				D2438AD3183BB7DB0049D036 /* CoreGraphics.framework in Frameworks */,
				D2438AD5183BB7DB0049D036 /* UIKit.framework in Frameworks */,
				D2438AD1183BB7DB0049D036 /* Foundation.framework in Frameworks */,
			);
			runOnlyForDeploymentPostprocessing = 0;
		};
		D2438AEB183BB7DC0049D036 /* Frameworks */ = {
			isa = PBXFrameworksBuildPhase;
			buildActionMask = 2147483647;
			files = (
				D2438AF0183BB7DC0049D036 /* XCTest.framework in Frameworks */,
				D2438AF2183BB7DC0049D036 /* UIKit.framework in Frameworks */,
				D2438AF1183BB7DC0049D036 /* Foundation.framework in Frameworks */,
			);
			runOnlyForDeploymentPostprocessing = 0;
		};
/* End PBXFrameworksBuildPhase section */

/* Begin PBXGroup section */
		D2438AC4183BB7DB0049D036 = {
			isa = PBXGroup;
			children = (
				D2438AD6183BB7DB0049D036 /* CD */,
				D2438AF5183BB7DC0049D036 /* CDTests */,
				D2438ACF183BB7DB0049D036 /* Frameworks */,
				D2438ACE183BB7DB0049D036 /* Products */,
			);
			sourceTree = "<group>";
		};
		D2438ACE183BB7DB0049D036 /* Products */ = {
			isa = PBXGroup;
			children = (
				D2438ACD183BB7DB0049D036 /* CD.app */,
				D2438AEE183BB7DC0049D036 /* CDTests.xctest */,
			);
			name = Products;
			sourceTree = "<group>";
		};
		D2438ACF183BB7DB0049D036 /* Frameworks */ = {
			isa = PBXGroup;
			children = (
				D2438B0E183BB9020049D036 /* CoreData.framework */,
				D2438AD0183BB7DB0049D036 /* Foundation.framework */,
				D2438AD2183BB7DB0049D036 /* CoreGraphics.framework */,
				D2438AD4183BB7DB0049D036 /* UIKit.framework */,
				D2438AEF183BB7DC0049D036 /* XCTest.framework */,
			);
			name = Frameworks;
			sourceTree = "<group>";
		};
		D2438AD6183BB7DB0049D036 /* CD */ = {
			isa = PBXGroup;
			children = (
				D2438ADF183BB7DB0049D036 /* NYTAppDelegate.h */,
				D2438AE0183BB7DB0049D036 /* NYTAppDelegate.m */,
				D2438AE2183BB7DC0049D036 /* Main.storyboard */,
				D2438AE5183BB7DC0049D036 /* NYTViewController.h */,
				D2438AE6183BB7DC0049D036 /* NYTViewController.m */,
				D2438B05183BB7F10049D036 /* Model.xcdatamodeld */,
				D2438B19183BBC620049D036 /* Parent.h */,
				D2438B1A183BBC620049D036 /* Parent.m */,
				D2438B16183BBC610049D036 /* Child.h */,
				D2438B17183BBC610049D036 /* Child.m */,
				D2438AE8183BB7DC0049D036 /* Images.xcassets */,
				D2438AD7183BB7DB0049D036 /* Supporting Files */,
			);
			path = CD;
			sourceTree = "<group>";
		};
		D2438AD7183BB7DB0049D036 /* Supporting Files */ = {
			isa = PBXGroup;
			children = (
				D2438AD8183BB7DB0049D036 /* CD-Info.plist */,
				D2438AD9183BB7DB0049D036 /* InfoPlist.strings */,
				D2438ADC183BB7DB0049D036 /* main.m */,
				D2438ADE183BB7DB0049D036 /* CD-Prefix.pch */,
			);
			name = "Supporting Files";
			sourceTree = "<group>";
		};
		D2438AF5183BB7DC0049D036 /* CDTests */ = {
			isa = PBXGroup;
			children = (
				D2438AFB183BB7DC0049D036 /* CDTests.m */,
				D2438AF6183BB7DC0049D036 /* Supporting Files */,
			);
			path = CDTests;
			sourceTree = "<group>";
		};
		D2438AF6183BB7DC0049D036 /* Supporting Files */ = {
			isa = PBXGroup;
			children = (
				D2438AF7183BB7DC0049D036 /* CDTests-Info.plist */,
				D2438AF8183BB7DC0049D036 /* InfoPlist.strings */,
			);
			name = "Supporting Files";
			sourceTree = "<group>";
		};
/* End PBXGroup section */

/* Begin PBXNativeTarget section */
		D2438ACC183BB7DB0049D036 /* CD */ = {
			isa = PBXNativeTarget;
			buildConfigurationList = D2438AFF183BB7DC0049D036 /* Build configuration list for PBXNativeTarget "CD" */;
			buildPhases = (
				D2438AC9183BB7DB0049D036 /* Sources */,
				D2438ACA183BB7DB0049D036 /* Frameworks */,
				D2438ACB183BB7DB0049D036 /* Resources */,
			);
			buildRules = (
			);
			dependencies = (
			);
			name = CD;
			productName = CD;
			productReference = D2438ACD183BB7DB0049D036 /* CD.app */;
			productType = "com.apple.product-type.application";
		};
		D2438AED183BB7DC0049D036 /* CDTests */ = {
			isa = PBXNativeTarget;
			buildConfigurationList = D2438B02183BB7DC0049D036 /* Build configuration list for PBXNativeTarget "CDTests" */;
			buildPhases = (
				D2438AEA183BB7DC0049D036 /* Sources */,
				D2438AEB183BB7DC0049D036 /* Frameworks */,
				D2438AEC183BB7DC0049D036 /* Resources */,
			);
			buildRules = (
			);
			dependencies = (
				D2438AF4183BB7DC0049D036 /* PBXTargetDependency */,
			);
			name = CDTests;
			productName = CDTests;
			productReference = D2438AEE183BB7DC0049D036 /* CDTests.xctest */;
			productType = "com.apple.product-type.bundle.unit-test";
		};
/* End PBXNativeTarget section */

/* Begin PBXProject section */
		D2438AC5183BB7DB0049D036 /* Project object */ = {
			isa = PBXProject;
			attributes = {
				CLASSPREFIX = NYT;
				LastUpgradeCheck = 0500;
				ORGANIZATIONNAME = "The New York Times Company";
				TargetAttributes = {
					D2438AED183BB7DC0049D036 = {
						TestTargetID = D2438ACC183BB7DB0049D036;
					};
				};
			};
			buildConfigurationList = D2438AC8183BB7DB0049D036 /* Build configuration list for PBXProject "CD" */;
			compatibilityVersion = "Xcode 3.2";
			developmentRegion = English;
			hasScannedForEncodings = 0;
			knownRegions = (
				en,
				Base,
			);
			mainGroup = D2438AC4183BB7DB0049D036;
			productRefGroup = D2438ACE183BB7DB0049D036 /* Products */;
			projectDirPath = "";
			projectRoot = "";
			targets = (
				D2438ACC183BB7DB0049D036 /* CD */,
				D2438AED183BB7DC0049D036 /* CDTests */,
			);
		};
/* End PBXProject section */

/* Begin PBXResourcesBuildPhase section */
		D2438ACB183BB7DB0049D036 /* Resources */ = {
			isa = PBXResourcesBuildPhase;
			buildActionMask = 2147483647;
			files = (
				D2438AE9183BB7DC0049D036 /* Images.xcassets in Resources */,
				D2438ADB183BB7DB0049D036 /* InfoPlist.strings in Resources */,
				D2438AE4183BB7DC0049D036 /* Main.storyboard in Resources */,
			);
			runOnlyForDeploymentPostprocessing = 0;
		};
		D2438AEC183BB7DC0049D036 /* Resources */ = {
			isa = PBXResourcesBuildPhase;
			buildActionMask = 2147483647;
			files = (
				D2438AFA183BB7DC0049D036 /* InfoPlist.strings in Resources */,
			);
			runOnlyForDeploymentPostprocessing = 0;
		};
/* End PBXResourcesBuildPhase section */

/* Begin PBXSourcesBuildPhase section */
		D2438AC9183BB7DB0049D036 /* Sources */ = {
			isa = PBXSourcesBuildPhase;
			buildActionMask = 2147483647;
			files = (
				D2438B18183BBC610049D036 /* Child.m in Sources */,
				D2438AE1183BB7DC0049D036 /* NYTAppDelegate.m in Sources */,
				D2438AE7183BB7DC0049D036 /* NYTViewController.m in Sources */,
				D2438ADD183BB7DB0049D036 /* main.m in Sources */,
				D2438B07183BB7F10049D036 /* Model.xcdatamodeld in Sources */,
				D2438B1B183BBC620049D036 /* Parent.m in Sources */,
			);
			runOnlyForDeploymentPostprocessing = 0;
		};
		D2438AEA183BB7DC0049D036 /* Sources */ = {
			isa = PBXSourcesBuildPhase;
			buildActionMask = 2147483647;
			files = (
				D2438AFC183BB7DC0049D036 /* CDTests.m in Sources */,
			);
			runOnlyForDeploymentPostprocessing = 0;
		};
/* End PBXSourcesBuildPhase section */

/* Begin PBXTargetDependency section */
		D2438AF4183BB7DC0049D036 /* PBXTargetDependency */ = {
			isa = PBXTargetDependency;
			target = D2438ACC183BB7DB0049D036 /* CD */;
			targetProxy = D2438AF3183BB7DC0049D036 /* PBXContainerItemProxy */;
		};
/* End PBXTargetDependency section */

/* Begin PBXVariantGroup section */
		D2438AD9183BB7DB0049D036 /* InfoPlist.strings */ = {
			isa = PBXVariantGroup;
			children = (
				D2438ADA183BB7DB0049D036 /* en */,
			);
			name = InfoPlist.strings;
			sourceTree = "<group>";
		};
		D2438AE2183BB7DC0049D036 /* Main.storyboard */ = {
			isa = PBXVariantGroup;
			children = (
				D2438AE3183BB7DC0049D036 /* Base */,
			);
			name = Main.storyboard;
			sourceTree = "<group>";
		};
		D2438AF8183BB7DC0049D036 /* InfoPlist.strings */ = {
			isa = PBXVariantGroup;
			children = (
				D2438AF9183BB7DC0049D036 /* en */,
			);
			name = InfoPlist.strings;
			sourceTree = "<group>";
		};
/* End PBXVariantGroup section */

/* Begin XCBuildConfiguration section */
		D2438AFD183BB7DC0049D036 /* Debug */ = {
			isa = XCBuildConfiguration;
			buildSettings = {
				ALWAYS_SEARCH_USER_PATHS = NO;
				ARCHS = "$(ARCHS_STANDARD_INCLUDING_64_BIT)";
				CLANG_CXX_LANGUAGE_STANDARD = "gnu++0x";
				CLANG_CXX_LIBRARY = "libc++";
				CLANG_ENABLE_MODULES = YES;
				CLANG_ENABLE_OBJC_ARC = YES;
				CLANG_WARN_BOOL_CONVERSION = YES;
				CLANG_WARN_CONSTANT_CONVERSION = YES;
				CLANG_WARN_DIRECT_OBJC_ISA_USAGE = YES_ERROR;
				CLANG_WARN_EMPTY_BODY = YES;
				CLANG_WARN_ENUM_CONVERSION = YES;
				CLANG_WARN_INT_CONVERSION = YES;
				CLANG_WARN_OBJC_ROOT_CLASS = YES_ERROR;
				CLANG_WARN__DUPLICATE_METHOD_MATCH = YES;
				"CODE_SIGN_IDENTITY[sdk=iphoneos*]" = "iPhone Developer";
				COPY_PHASE_STRIP = NO;
				GCC_C_LANGUAGE_STANDARD = gnu99;
				GCC_DYNAMIC_NO_PIC = NO;
				GCC_OPTIMIZATION_LEVEL = 0;
				GCC_PREPROCESSOR_DEFINITIONS = (
					"DEBUG=1",
					"$(inherited)",
				);
				GCC_SYMBOLS_PRIVATE_EXTERN = NO;
				GCC_WARN_64_TO_32_BIT_CONVERSION = YES;
				GCC_WARN_ABOUT_RETURN_TYPE = YES_ERROR;
				GCC_WARN_UNDECLARED_SELECTOR = YES;
				GCC_WARN_UNINITIALIZED_AUTOS = YES;
				GCC_WARN_UNUSED_FUNCTION = YES;
				GCC_WARN_UNUSED_VARIABLE = YES;
				IPHONEOS_DEPLOYMENT_TARGET = 7.0;
				ONLY_ACTIVE_ARCH = YES;
				SDKROOT = iphoneos;
			};
			name = Debug;
		};
		D2438AFE183BB7DC0049D036 /* Release */ = {
			isa = XCBuildConfiguration;
			buildSettings = {
				ALWAYS_SEARCH_USER_PATHS = NO;
				ARCHS = "$(ARCHS_STANDARD_INCLUDING_64_BIT)";
				CLANG_CXX_LANGUAGE_STANDARD = "gnu++0x";
				CLANG_CXX_LIBRARY = "libc++";
				CLANG_ENABLE_MODULES = YES;
				CLANG_ENABLE_OBJC_ARC = YES;
				CLANG_WARN_BOOL_CONVERSION = YES;
				CLANG_WARN_CONSTANT_CONVERSION = YES;
				CLANG_WARN_DIRECT_OBJC_ISA_USAGE = YES_ERROR;
				CLANG_WARN_EMPTY_BODY = YES;
				CLANG_WARN_ENUM_CONVERSION = YES;
				CLANG_WARN_INT_CONVERSION = YES;
				CLANG_WARN_OBJC_ROOT_CLASS = YES_ERROR;
				CLANG_WARN__DUPLICATE_METHOD_MATCH = YES;
				"CODE_SIGN_IDENTITY[sdk=iphoneos*]" = "iPhone Developer";
				COPY_PHASE_STRIP = YES;
				ENABLE_NS_ASSERTIONS = NO;
				GCC_C_LANGUAGE_STANDARD = gnu99;
				GCC_WARN_64_TO_32_BIT_CONVERSION = YES;
				GCC_WARN_ABOUT_RETURN_TYPE = YES_ERROR;
				GCC_WARN_UNDECLARED_SELECTOR = YES;
				GCC_WARN_UNINITIALIZED_AUTOS = YES;
				GCC_WARN_UNUSED_FUNCTION = YES;
				GCC_WARN_UNUSED_VARIABLE = YES;
				IPHONEOS_DEPLOYMENT_TARGET = 7.0;
				SDKROOT = iphoneos;
				VALIDATE_PRODUCT = YES;
			};
			name = Release;
		};
		D2438B00183BB7DC0049D036 /* Debug */ = {
			isa = XCBuildConfiguration;
			buildSettings = {
				ASSETCATALOG_COMPILER_APPICON_NAME = AppIcon;
				ASSETCATALOG_COMPILER_LAUNCHIMAGE_NAME = LaunchImage;
				GCC_PRECOMPILE_PREFIX_HEADER = YES;
				GCC_PREFIX_HEADER = "CD/CD-Prefix.pch";
				INFOPLIST_FILE = "CD/CD-Info.plist";
				IPHONEOS_DEPLOYMENT_TARGET = 6.0;
				PRODUCT_NAME = "$(TARGET_NAME)";
				WRAPPER_EXTENSION = app;
			};
			name = Debug;
		};
		D2438B01183BB7DC0049D036 /* Release */ = {
			isa = XCBuildConfiguration;
			buildSettings = {
				ASSETCATALOG_COMPILER_APPICON_NAME = AppIcon;
				ASSETCATALOG_COMPILER_LAUNCHIMAGE_NAME = LaunchImage;
				GCC_PRECOMPILE_PREFIX_HEADER = YES;
				GCC_PREFIX_HEADER = "CD/CD-Prefix.pch";
				INFOPLIST_FILE = "CD/CD-Info.plist";
				IPHONEOS_DEPLOYMENT_TARGET = 6.0;
				PRODUCT_NAME = "$(TARGET_NAME)";
				WRAPPER_EXTENSION = app;
			};
			name = Release;
		};
		D2438B03183BB7DC0049D036 /* Debug */ = {
			isa = XCBuildConfiguration;
			buildSettings = {
				ARCHS = "$(ARCHS_STANDARD_INCLUDING_64_BIT)";
				BUNDLE_LOADER = "$(BUILT_PRODUCTS_DIR)/CD.app/CD";
				FRAMEWORK_SEARCH_PATHS = (
					"$(SDKROOT)/Developer/Library/Frameworks",
					"$(inherited)",
					"$(DEVELOPER_FRAMEWORKS_DIR)",
				);
				GCC_PRECOMPILE_PREFIX_HEADER = YES;
				GCC_PREFIX_HEADER = "CD/CD-Prefix.pch";
				GCC_PREPROCESSOR_DEFINITIONS = (
					"DEBUG=1",
					"$(inherited)",
				);
				INFOPLIST_FILE = "CDTests/CDTests-Info.plist";
				PRODUCT_NAME = "$(TARGET_NAME)";
				TEST_HOST = "$(BUNDLE_LOADER)";
				WRAPPER_EXTENSION = xctest;
			};
			name = Debug;
		};
		D2438B04183BB7DC0049D036 /* Release */ = {
			isa = XCBuildConfiguration;
			buildSettings = {
				ARCHS = "$(ARCHS_STANDARD_INCLUDING_64_BIT)";
				BUNDLE_LOADER = "$(BUILT_PRODUCTS_DIR)/CD.app/CD";
				FRAMEWORK_SEARCH_PATHS = (
					"$(SDKROOT)/Developer/Library/Frameworks",
					"$(inherited)",
					"$(DEVELOPER_FRAMEWORKS_DIR)",
				);
				GCC_PRECOMPILE_PREFIX_HEADER = YES;
				GCC_PREFIX_HEADER = "CD/CD-Prefix.pch";
				INFOPLIST_FILE = "CDTests/CDTests-Info.plist";
				PRODUCT_NAME = "$(TARGET_NAME)";
				TEST_HOST = "$(BUNDLE_LOADER)";
				WRAPPER_EXTENSION = xctest;
			};
			name = Release;
		};
/* End XCBuildConfiguration section */

/* Begin XCConfigurationList section */
		D2438AC8183BB7DB0049D036 /* Build configuration list for PBXProject "CD" */ = {
			isa = XCConfigurationList;
			buildConfigurations = (
				D2438AFD183BB7DC0049D036 /* Debug */,
				D2438AFE183BB7DC0049D036 /* Release */,
			);
			defaultConfigurationIsVisible = 0;
			defaultConfigurationName = Release;
		};
		D2438AFF183BB7DC0049D036 /* Build configuration list for PBXNativeTarget "CD" */ = {
			isa = XCConfigurationList;
			buildConfigurations = (
				D2438B00183BB7DC0049D036 /* Debug */,
				D2438B01183BB7DC0049D036 /* Release */,
			);
			defaultConfigurationIsVisible = 0;
		};
		D2438B02183BB7DC0049D036 /* Build configuration list for PBXNativeTarget "CDTests" */ = {
			isa = XCConfigurationList;
			buildConfigurations = (
				D2438B03183BB7DC0049D036 /* Debug */,
				D2438B04183BB7DC0049D036 /* Release */,
			);
			defaultConfigurationIsVisible = 0;
		};
/* End XCConfigurationList section */

/* Begin XCVersionGroup section */
		D2438B05183BB7F10049D036 /* Model.xcdatamodeld */ = {
			isa = XCVersionGroup;
			children = (
				D2438B06183BB7F10049D036 /* Model.xcdatamodel */,
			);
			currentVersion = D2438B06183BB7F10049D036 /* Model.xcdatamodel */;
			path = Model.xcdatamodeld;
			sourceTree = "<group>";
			versionGroupType = wrapper.xcdatamodel;
		};
/* End XCVersionGroup section */
	};
	rootObject = D2438AC5183BB7DB0049D036 /* Project object */;
}
